
Microsoft Visual Studio Solution File, Format Version 12.00
# Visual Studio 15
VisualStudioVersion = 15.0.28010.2026
MinimumVisualStudioVersion = 10.0.40219.1
Project("{FAE04EC0-301F-11D3-BF4B-00C04F79EFBC}") = "DateSeer", "DateSeer\DateSeer.csproj", "{ED7F94A4-2B2C-4854-AFB9-5189189542F5}"
EndProject
Project("{FAE04EC0-301F-11D3-BF4B-00C04F79EFBC}") = "DateSeerTests", "UnitTestProject3\DateSeerTests.csproj", "{360CD20F-C706-4C29-A1C2-7622EE68CE8A}"
EndProject
Project("{FAE04EC0-301F-11D3-BF4B-00C04F79EFBC}") = "DateSeer_android", "App1\DateSeer_android.csproj", "{0E4838A8-A348-4567-B98E-05836B669FE1}"
EndProject
Project("{FAE04EC0-301F-11D3-BF4B-00C04F79EFBC}") = "MobileApp.Android", "MobileApp\MobileApp.Android\MobileApp.Android.csproj", "{49A6A2E7-AEF9-4847-B6AE-3E161102A5B7}"
EndProject
Project("{9A19103F-16F7-4668-BE54-9A1E7A4F7556}") = "MobileApp", "MobileApp\MobileApp\MobileApp.csproj", "{016977AA-008D-47B2-9362-98E6DC7B69CA}"
EndProject
Project("{FAE04EC0-301F-11D3-BF4B-00C04F79EFBC}") = "DateSeerLib", "DateSeerLib\DateSeerLib.csproj", "{450D8A4F-9988-4581-BB52-DE6CDC02ECD6}"
EndProject
Global
	GlobalSection(SolutionConfigurationPlatforms) = preSolution
		Debug|Any CPU = Debug|Any CPU
		Debug|iPhone = Debug|iPhone
		Debug|iPhoneSimulator = Debug|iPhoneSimulator
		Release|Any CPU = Release|Any CPU
		Release|iPhone = Release|iPhone
		Release|iPhoneSimulator = Release|iPhoneSimulator
	EndGlobalSection
	GlobalSection(ProjectConfigurationPlatforms) = postSolution
		{ED7F94A4-2B2C-4854-AFB9-5189189542F5}.Debug|Any CPU.ActiveCfg = Debug|Any CPU
		{ED7F94A4-2B2C-4854-AFB9-5189189542F5}.Debug|Any CPU.Build.0 = Debug|Any CPU
		{ED7F94A4-2B2C-4854-AFB9-5189189542F5}.Debug|iPhone.ActiveCfg = Debug|Any CPU
		{ED7F94A4-2B2C-4854-AFB9-5189189542F5}.Debug|iPhone.Build.0 = Debug|Any CPU
		{ED7F94A4-2B2C-4854-AFB9-5189189542F5}.Debug|iPhoneSimulator.ActiveCfg = Debug|Any CPU
		{ED7F94A4-2B2C-4854-AFB9-5189189542F5}.Debug|iPhoneSimulator.Build.0 = Debug|Any CPU
		{ED7F94A4-2B2C-4854-AFB9-5189189542F5}.Release|Any CPU.ActiveCfg = Release|Any CPU
		{ED7F94A4-2B2C-4854-AFB9-5189189542F5}.Release|Any CPU.Build.0 = Release|Any CPU
		{ED7F94A4-2B2C-4854-AFB9-5189189542F5}.Release|iPhone.ActiveCfg = Release|Any CPU
		{ED7F94A4-2B2C-4854-AFB9-5189189542F5}.Release|iPhone.Build.0 = Release|Any CPU
		{ED7F94A4-2B2C-4854-AFB9-5189189542F5}.Release|iPhoneSimulator.ActiveCfg = Release|Any CPU
		{ED7F94A4-2B2C-4854-AFB9-5189189542F5}.Release|iPhoneSimulator.Build.0 = Release|Any CPU
		{360CD20F-C706-4C29-A1C2-7622EE68CE8A}.Debug|Any CPU.ActiveCfg = Debug|Any CPU
		{360CD20F-C706-4C29-A1C2-7622EE68CE8A}.Debug|Any CPU.Build.0 = Debug|Any CPU
		{360CD20F-C706-4C29-A1C2-7622EE68CE8A}.Debug|iPhone.ActiveCfg = Debug|Any CPU
		{360CD20F-C706-4C29-A1C2-7622EE68CE8A}.Debug|iPhone.Build.0 = Debug|Any CPU
		{360CD20F-C706-4C29-A1C2-7622EE68CE8A}.Debug|iPhoneSimulator.ActiveCfg = Debug|Any CPU
		{360CD20F-C706-4C29-A1C2-7622EE68CE8A}.Debug|iPhoneSimulator.Build.0 = Debug|Any CPU
		{360CD20F-C706-4C29-A1C2-7622EE68CE8A}.Release|Any CPU.ActiveCfg = Release|Any CPU
		{360CD20F-C706-4C29-A1C2-7622EE68CE8A}.Release|Any CPU.Build.0 = Release|Any CPU
		{360CD20F-C706-4C29-A1C2-7622EE68CE8A}.Release|iPhone.ActiveCfg = Release|Any CPU
		{360CD20F-C706-4C29-A1C2-7622EE68CE8A}.Release|iPhone.Build.0 = Release|Any CPU
		{360CD20F-C706-4C29-A1C2-7622EE68CE8A}.Release|iPhoneSimulator.ActiveCfg = Release|Any CPU
		{360CD20F-C706-4C29-A1C2-7622EE68CE8A}.Release|iPhoneSimulator.Build.0 = Release|Any CPU
		{0E4838A8-A348-4567-B98E-05836B669FE1}.Debug|Any CPU.ActiveCfg = Debug|Any CPU
		{0E4838A8-A348-4567-B98E-05836B669FE1}.Debug|Any CPU.Build.0 = Debug|Any CPU
		{0E4838A8-A348-4567-B98E-05836B669FE1}.Debug|Any CPU.Deploy.0 = Debug|Any CPU
		{0E4838A8-A348-4567-B98E-05836B669FE1}.Debug|iPhone.ActiveCfg = Debug|Any CPU
		{0E4838A8-A348-4567-B98E-05836B669FE1}.Debug|iPhone.Build.0 = Debug|Any CPU
		{0E4838A8-A348-4567-B98E-05836B669FE1}.Debug|iPhone.Deploy.0 = Debug|Any CPU
		{0E4838A8-A348-4567-B98E-05836B669FE1}.Debug|iPhoneSimulator.ActiveCfg = Debug|Any CPU
		{0E4838A8-A348-4567-B98E-05836B669FE1}.Debug|iPhoneSimulator.Build.0 = Debug|Any CPU
		{0E4838A8-A348-4567-B98E-05836B669FE1}.Debug|iPhoneSimulator.Deploy.0 = Debug|Any CPU
		{0E4838A8-A348-4567-B98E-05836B669FE1}.Release|Any CPU.ActiveCfg = Release|Any CPU
		{0E4838A8-A348-4567-B98E-05836B669FE1}.Release|Any CPU.Build.0 = Release|Any CPU
		{0E4838A8-A348-4567-B98E-05836B669FE1}.Release|Any CPU.Deploy.0 = Release|Any CPU
		{0E4838A8-A348-4567-B98E-05836B669FE1}.Release|iPhone.ActiveCfg = Release|Any CPU
		{0E4838A8-A348-4567-B98E-05836B669FE1}.Release|iPhone.Build.0 = Release|Any CPU
		{0E4838A8-A348-4567-B98E-05836B669FE1}.Release|iPhone.Deploy.0 = Release|Any CPU
		{0E4838A8-A348-4567-B98E-05836B669FE1}.Release|iPhoneSimulator.ActiveCfg = Release|Any CPU
		{0E4838A8-A348-4567-B98E-05836B669FE1}.Release|iPhoneSimulator.Build.0 = Release|Any CPU
		{0E4838A8-A348-4567-B98E-05836B669FE1}.Release|iPhoneSimulator.Deploy.0 = Release|Any CPU
		{49A6A2E7-AEF9-4847-B6AE-3E161102A5B7}.Debug|Any CPU.ActiveCfg = Debug|Any CPU
		{49A6A2E7-AEF9-4847-B6AE-3E161102A5B7}.Debug|Any CPU.Build.0 = Debug|Any CPU
		{49A6A2E7-AEF9-4847-B6AE-3E161102A5B7}.Debug|Any CPU.Deploy.0 = Debug|Any CPU
		{49A6A2E7-AEF9-4847-B6AE-3E161102A5B7}.Debug|iPhone.ActiveCfg = Debug|Any CPU
		{49A6A2E7-AEF9-4847-B6AE-3E161102A5B7}.Debug|iPhone.Build.0 = Debug|Any CPU
		{49A6A2E7-AEF9-4847-B6AE-3E161102A5B7}.Debug|iPhone.Deploy.0 = Debug|Any CPU
		{49A6A2E7-AEF9-4847-B6AE-3E161102A5B7}.Debug|iPhoneSimulator.ActiveCfg = Debug|Any CPU
		{49A6A2E7-AEF9-4847-B6AE-3E161102A5B7}.Debug|iPhoneSimulator.Build.0 = Debug|Any CPU
		{49A6A2E7-AEF9-4847-B6AE-3E161102A5B7}.Debug|iPhoneSimulator.Deploy.0 = Debug|Any CPU
		{49A6A2E7-AEF9-4847-B6AE-3E161102A5B7}.Release|Any CPU.ActiveCfg = Release|Any CPU
		{49A6A2E7-AEF9-4847-B6AE-3E161102A5B7}.Release|Any CPU.Build.0 = Release|Any CPU
		{49A6A2E7-AEF9-4847-B6AE-3E161102A5B7}.Release|Any CPU.Deploy.0 = Release|Any CPU
		{49A6A2E7-AEF9-4847-B6AE-3E161102A5B7}.Release|iPhone.ActiveCfg = Release|Any CPU
		{49A6A2E7-AEF9-4847-B6AE-3E161102A5B7}.Release|iPhone.Build.0 = Release|Any CPU
		{49A6A2E7-AEF9-4847-B6AE-3E161102A5B7}.Release|iPhone.Deploy.0 = Release|Any CPU
		{49A6A2E7-AEF9-4847-B6AE-3E161102A5B7}.Release|iPhoneSimulator.ActiveCfg = Release|Any CPU
		{49A6A2E7-AEF9-4847-B6AE-3E161102A5B7}.Release|iPhoneSimulator.Build.0 = Release|Any CPU
		{49A6A2E7-AEF9-4847-B6AE-3E161102A5B7}.Release|iPhoneSimulator.Deploy.0 = Release|Any CPU
		{016977AA-008D-47B2-9362-98E6DC7B69CA}.Debug|Any CPU.ActiveCfg = Debug|Any CPU
		{016977AA-008D-47B2-9362-98E6DC7B69CA}.Debug|Any CPU.Build.0 = Debug|Any CPU
		{016977AA-008D-47B2-9362-98E6DC7B69CA}.Debug|iPhone.ActiveCfg = Debug|Any CPU
		{016977AA-008D-47B2-9362-98E6DC7B69CA}.Debug|iPhone.Build.0 = Debug|Any CPU
		{016977AA-008D-47B2-9362-98E6DC7B69CA}.Debug|iPhoneSimulator.ActiveCfg = Debug|Any CPU
		{016977AA-008D-47B2-9362-98E6DC7B69CA}.Debug|iPhoneSimulator.Build.0 = Debug|Any CPU
		{016977AA-008D-47B2-9362-98E6DC7B69CA}.Release|Any CPU.ActiveCfg = Release|Any CPU
		{016977AA-008D-47B2-9362-98E6DC7B69CA}.Release|Any CPU.Build.0 = Release|Any CPU
		{016977AA-008D-47B2-9362-98E6DC7B69CA}.Release|iPhone.ActiveCfg = Release|Any CPU
		{016977AA-008D-47B2-9362-98E6DC7B69CA}.Release|iPhone.Build.0 = Release|Any CPU
		{016977AA-008D-47B2-9362-98E6DC7B69CA}.Release|iPhoneSimulator.ActiveCfg = Release|Any CPU
		{016977AA-008D-47B2-9362-98E6DC7B69CA}.Release|iPhoneSimulator.Build.0 = Release|Any CPU
		{450D8A4F-9988-4581-BB52-DE6CDC02ECD6}.Debug|Any CPU.ActiveCfg = Debug|Any CPU
		{450D8A4F-9988-4581-BB52-DE6CDC02ECD6}.Debug|Any CPU.Build.0 = Debug|Any CPU
		{450D8A4F-9988-4581-BB52-DE6CDC02ECD6}.Debug|iPhone.ActiveCfg = Debug|Any CPU
		{450D8A4F-9988-4581-BB52-DE6CDC02ECD6}.Debug|iPhone.Build.0 = Debug|Any CPU
		{450D8A4F-9988-4581-BB52-DE6CDC02ECD6}.Debug|iPhoneSimulator.ActiveCfg = Debug|Any CPU
		{450D8A4F-9988-4581-BB52-DE6CDC02ECD6}.Debug|iPhoneSimulator.Build.0 = Debug|Any CPU
		{450D8A4F-9988-4581-BB52-DE6CDC02ECD6}.Release|Any CPU.ActiveCfg = Release|Any CPU
		{450D8A4F-9988-4581-BB52-DE6CDC02ECD6}.Release|Any CPU.Build.0 = Release|Any CPU
		{450D8A4F-9988-4581-BB52-DE6CDC02ECD6}.Release|iPhone.ActiveCfg = Release|Any CPU
		{450D8A4F-9988-4581-BB52-DE6CDC02ECD6}.Release|iPhone.Build.0 = Release|Any CPU
		{450D8A4F-9988-4581-BB52-DE6CDC02ECD6}.Release|iPhoneSimulator.ActiveCfg = Release|Any CPU
		{450D8A4F-9988-4581-BB52-DE6CDC02ECD6}.Release|iPhoneSimulator.Build.0 = Release|Any CPU
	EndGlobalSection
	GlobalSection(SolutionProperties) = preSolution
		HideSolutionNode = FALSE
	EndGlobalSection
	GlobalSection(ExtensibilityGlobals) = postSolution
		SolutionGuid = {B12C9EBC-4697-4F9D-8E3F-00086BD06935}
	EndGlobalSection
EndGlobal
